
Microsoft Visual Studio Solution File, Format Version 12.00
# Visual Studio Version 17
VisualStudioVersion = 17.10.35027.167
MinimumVisualStudioVersion = 10.0.40219.1
Project("{FAE04EC0-301F-11D3-BF4B-00C04F79EFBC}") = "pryTaborda_Contactos", "pryTaborda_Contactos\pryTaborda_Contactos.csproj", "{916E94AC-A8DB-40B9-867B-0BC3F60533F2}"
EndProject
Global
	GlobalSection(SolutionConfigurationPlatforms) = preSolution
		Debug|Any CPU = Debug|Any CPU
		Release|Any CPU = Release|Any CPU
	EndGlobalSection
	GlobalSection(ProjectConfigurationPlatforms) = postSolution
		{916E94AC-A8DB-40B9-867B-0BC3F60533F2}.Debug|Any CPU.ActiveCfg = Debug|Any CPU
		{916E94AC-A8DB-40B9-867B-0BC3F60533F2}.Debug|Any CPU.Build.0 = Debug|Any CPU
		{916E94AC-A8DB-40B9-867B-0BC3F60533F2}.Release|Any CPU.ActiveCfg = Release|Any CPU
		{916E94AC-A8DB-40B9-867B-0BC3F60533F2}.Release|Any CPU.Build.0 = Release|Any CPU
	EndGlobalSection
	GlobalSection(SolutionProperties) = preSolution
		HideSolutionNode = FALSE
	EndGlobalSection
	GlobalSection(ExtensibilityGlobals) = postSolution
		SolutionGuid = {1C1B4D32-6609-416C-A2AC-5FCEA436AD03}
	EndGlobalSection
EndGlobal
